
Microsoft Visual Studio Solution File, Format Version 12.00
# Visual Studio Version 17
VisualStudioVersion = 17.14.36511.14 d17.14
MinimumVisualStudioVersion = 10.0.40219.1
Project("{FAE04EC0-301F-11D3-BF4B-00C04F79EFBC}") = "HappySchoolBackend", "HappySchoolBackend.csproj", "{46879765-6530-43E9-B5C6-932F0F3621E6}"
EndProject
Global
	GlobalSection(SolutionConfigurationPlatforms) = preSolution
		Debug|Any CPU = Debug|Any CPU
		Release|Any CPU = Release|Any CPU
	EndGlobalSection
	GlobalSection(ProjectConfigurationPlatforms) = postSolution
		{46879765-6530-43E9-B5C6-932F0F3621E6}.Debug|Any CPU.ActiveCfg = Debug|Any CPU
		{46879765-6530-43E9-B5C6-932F0F3621E6}.Debug|Any CPU.Build.0 = Debug|Any CPU
		{46879765-6530-43E9-B5C6-932F0F3621E6}.Release|Any CPU.ActiveCfg = Release|Any CPU
		{46879765-6530-43E9-B5C6-932F0F3621E6}.Release|Any CPU.Build.0 = Release|Any CPU
	EndGlobalSection
	GlobalSection(SolutionProperties) = preSolution
		HideSolutionNode = FALSE
	EndGlobalSection
	GlobalSection(ExtensibilityGlobals) = postSolution
		SolutionGuid = {402D578C-E5A5-4956-9267-8A595F58F306}
	EndGlobalSection
EndGlobal
